
Microsoft Visual Studio Solution File, Format Version 10.00
# Visual Studio 2008
Project("{FAE04EC0-301F-11D3-BF4B-00C04F79EFBC}") = "NPortugol.Web", "NPortugol.Web\NPortugol.Web.csproj", "{6ADAA8F1-FFC1-4920-8DBA-553CA37095BA}"
EndProject
Project("{FAE04EC0-301F-11D3-BF4B-00C04F79EFBC}") = "NPortugol", "..\NPortugol\NPortugol.csproj", "{93E5D4EF-0D95-4FE5-AA63-4B9BC997607D}"
EndProject
Project("{FAE04EC0-301F-11D3-BF4B-00C04F79EFBC}") = "MeuSite", "..\Exemplos\MeuSite\MeuSite.csproj", "{6B0948D1-777C-4DD1-9E43-AE95EE441AA4}"
EndProject
Project("{FAE04EC0-301F-11D3-BF4B-00C04F79EFBC}") = "NPortugol.Tests", "..\NPortugol.Tests\NPortugol.Tests.csproj", "{40C491A3-6DF9-4995-B7F4-7353EE864FB7}"
EndProject
Project("{2150E333-8FDC-42A3-9474-1A3956D46DE8}") = "Infra", "Infra", "{477E3EF3-9094-4997-8F94-32593D2FB193}"
EndProject
Project("{FAE04EC0-301F-11D3-BF4B-00C04F79EFBC}") = "MeuSiteMvc", "..\Exemplos\MeuSiteMvc\MeuSiteMvc.csproj", "{7CC82403-5C70-49BF-A93A-77319C49CB2F}"
EndProject
Global
	GlobalSection(SolutionConfigurationPlatforms) = preSolution
		Debug|Any CPU = Debug|Any CPU
		Release|Any CPU = Release|Any CPU
	EndGlobalSection
	GlobalSection(ProjectConfigurationPlatforms) = postSolution
		{6ADAA8F1-FFC1-4920-8DBA-553CA37095BA}.Debug|Any CPU.ActiveCfg = Debug|Any CPU
		{6ADAA8F1-FFC1-4920-8DBA-553CA37095BA}.Debug|Any CPU.Build.0 = Debug|Any CPU
		{6ADAA8F1-FFC1-4920-8DBA-553CA37095BA}.Release|Any CPU.ActiveCfg = Release|Any CPU
		{6ADAA8F1-FFC1-4920-8DBA-553CA37095BA}.Release|Any CPU.Build.0 = Release|Any CPU
		{93E5D4EF-0D95-4FE5-AA63-4B9BC997607D}.Debug|Any CPU.ActiveCfg = Debug|Any CPU
		{93E5D4EF-0D95-4FE5-AA63-4B9BC997607D}.Debug|Any CPU.Build.0 = Debug|Any CPU
		{93E5D4EF-0D95-4FE5-AA63-4B9BC997607D}.Release|Any CPU.ActiveCfg = Release|Any CPU
		{93E5D4EF-0D95-4FE5-AA63-4B9BC997607D}.Release|Any CPU.Build.0 = Release|Any CPU
		{6B0948D1-777C-4DD1-9E43-AE95EE441AA4}.Debug|Any CPU.ActiveCfg = Debug|Any CPU
		{6B0948D1-777C-4DD1-9E43-AE95EE441AA4}.Debug|Any CPU.Build.0 = Debug|Any CPU
		{6B0948D1-777C-4DD1-9E43-AE95EE441AA4}.Release|Any CPU.ActiveCfg = Release|Any CPU
		{6B0948D1-777C-4DD1-9E43-AE95EE441AA4}.Release|Any CPU.Build.0 = Release|Any CPU
		{40C491A3-6DF9-4995-B7F4-7353EE864FB7}.Debug|Any CPU.ActiveCfg = Debug|Any CPU
		{40C491A3-6DF9-4995-B7F4-7353EE864FB7}.Debug|Any CPU.Build.0 = Debug|Any CPU
		{40C491A3-6DF9-4995-B7F4-7353EE864FB7}.Release|Any CPU.ActiveCfg = Release|Any CPU
		{40C491A3-6DF9-4995-B7F4-7353EE864FB7}.Release|Any CPU.Build.0 = Release|Any CPU
		{7CC82403-5C70-49BF-A93A-77319C49CB2F}.Debug|Any CPU.ActiveCfg = Debug|Any CPU
		{7CC82403-5C70-49BF-A93A-77319C49CB2F}.Debug|Any CPU.Build.0 = Debug|Any CPU
		{7CC82403-5C70-49BF-A93A-77319C49CB2F}.Release|Any CPU.ActiveCfg = Release|Any CPU
		{7CC82403-5C70-49BF-A93A-77319C49CB2F}.Release|Any CPU.Build.0 = Release|Any CPU
	EndGlobalSection
	GlobalSection(SolutionProperties) = preSolution
		HideSolutionNode = FALSE
	EndGlobalSection
	GlobalSection(NestedProjects) = preSolution
		{93E5D4EF-0D95-4FE5-AA63-4B9BC997607D} = {477E3EF3-9094-4997-8F94-32593D2FB193}
		{40C491A3-6DF9-4995-B7F4-7353EE864FB7} = {477E3EF3-9094-4997-8F94-32593D2FB193}
		{6ADAA8F1-FFC1-4920-8DBA-553CA37095BA} = {477E3EF3-9094-4997-8F94-32593D2FB193}
	EndGlobalSection
EndGlobal
