
Microsoft Visual Studio Solution File, Format Version 10.00
# Visual Studio 2008
Project("{FAE04EC0-301F-11D3-BF4B-00C04F79EFBC}") = "NPortugol", "NPortugol\NPortugol.csproj", "{93E5D4EF-0D95-4FE5-AA63-4B9BC997607D}"
EndProject
Project("{FAE04EC0-301F-11D3-BF4B-00C04F79EFBC}") = "NPortugol.Tests", "NPortugol.Tests\NPortugol.Tests.csproj", "{40C491A3-6DF9-4995-B7F4-7353EE864FB7}"
EndProject
Global
	GlobalSection(SolutionConfigurationPlatforms) = preSolution
		Debug|Any CPU = Debug|Any CPU
		Release|Any CPU = Release|Any CPU
	EndGlobalSection
	GlobalSection(ProjectConfigurationPlatforms) = postSolution
		{93E5D4EF-0D95-4FE5-AA63-4B9BC997607D}.Debug|Any CPU.ActiveCfg = Debug|Any CPU
		{93E5D4EF-0D95-4FE5-AA63-4B9BC997607D}.Debug|Any CPU.Build.0 = Debug|Any CPU
		{93E5D4EF-0D95-4FE5-AA63-4B9BC997607D}.Release|Any CPU.ActiveCfg = Release|Any CPU
		{93E5D4EF-0D95-4FE5-AA63-4B9BC997607D}.Release|Any CPU.Build.0 = Release|Any CPU
		{40C491A3-6DF9-4995-B7F4-7353EE864FB7}.Debug|Any CPU.ActiveCfg = Debug|Any CPU
		{40C491A3-6DF9-4995-B7F4-7353EE864FB7}.Debug|Any CPU.Build.0 = Debug|Any CPU
		{40C491A3-6DF9-4995-B7F4-7353EE864FB7}.Release|Any CPU.ActiveCfg = Release|Any CPU
		{40C491A3-6DF9-4995-B7F4-7353EE864FB7}.Release|Any CPU.Build.0 = Release|Any CPU
	EndGlobalSection
	GlobalSection(SolutionProperties) = preSolution
		HideSolutionNode = FALSE
	EndGlobalSection
EndGlobal
